
Microsoft Visual Studio Solution File, Format Version 12.00
# Visual Studio Version 17
VisualStudioVersion = 17.9.34728.123
MinimumVisualStudioVersion = 10.0.40219.1
Project("{FAE04EC0-301F-11D3-BF4B-00C04F79EFBC}") = "sb-sharp-u9", "sb-sharp-u9\sb-sharp-u9.csproj", "{E808C8A4-AF2A-4288-9278-A05B0EA829CD}"
EndProject
Global
	GlobalSection(SolutionConfigurationPlatforms) = preSolution
		Debug|Any CPU = Debug|Any CPU
		Release|Any CPU = Release|Any CPU
	EndGlobalSection
	GlobalSection(ProjectConfigurationPlatforms) = postSolution
		{E808C8A4-AF2A-4288-9278-A05B0EA829CD}.Debug|Any CPU.ActiveCfg = Debug|Any CPU
		{E808C8A4-AF2A-4288-9278-A05B0EA829CD}.Debug|Any CPU.Build.0 = Debug|Any CPU
		{E808C8A4-AF2A-4288-9278-A05B0EA829CD}.Release|Any CPU.ActiveCfg = Release|Any CPU
		{E808C8A4-AF2A-4288-9278-A05B0EA829CD}.Release|Any CPU.Build.0 = Release|Any CPU
	EndGlobalSection
	GlobalSection(SolutionProperties) = preSolution
		HideSolutionNode = FALSE
	EndGlobalSection
	GlobalSection(ExtensibilityGlobals) = postSolution
		SolutionGuid = {FB069D87-DBD0-41AA-9F44-4309286BFA4D}
	EndGlobalSection
EndGlobal
